
Microsoft Visual Studio Solution File, Format Version 12.00
# Visual Studio Version 17
VisualStudioVersion = 17.14.37411.7
MinimumVisualStudioVersion = 10.0.40219.1
Project("{FAE04EC0-301F-11D3-BF4B-00C04F79EFBC}") = "ContactManagement", "ContactManagement\ContactManagement.csproj", "{6CB3470D-BE0C-4E76-B15E-9CE20B061A6D}"
EndProject
Project("{54A90642-561A-4BB1-A94E-469ADEE60C69}") = "contactmanagement.uiux", "ContactManagement.UIUX\contactmanagement.uiux.esproj", "{F90CDA76-8C19-C271-34A2-F92A8A31BA28}"
EndProject
Global
	GlobalSection(SolutionConfigurationPlatforms) = preSolution
		Debug|Any CPU = Debug|Any CPU
		Release|Any CPU = Release|Any CPU
	EndGlobalSection
	GlobalSection(ProjectConfigurationPlatforms) = postSolution
		{6CB3470D-BE0C-4E76-B15E-9CE20B061A6D}.Debug|Any CPU.ActiveCfg = Debug|Any CPU
		{6CB3470D-BE0C-4E76-B15E-9CE20B061A6D}.Debug|Any CPU.Build.0 = Debug|Any CPU
		{6CB3470D-BE0C-4E76-B15E-9CE20B061A6D}.Release|Any CPU.ActiveCfg = Release|Any CPU
		{6CB3470D-BE0C-4E76-B15E-9CE20B061A6D}.Release|Any CPU.Build.0 = Release|Any CPU
		{F90CDA76-8C19-C271-34A2-F92A8A31BA28}.Debug|Any CPU.ActiveCfg = Debug|Any CPU
		{F90CDA76-8C19-C271-34A2-F92A8A31BA28}.Debug|Any CPU.Build.0 = Debug|Any CPU
		{F90CDA76-8C19-C271-34A2-F92A8A31BA28}.Debug|Any CPU.Deploy.0 = Debug|Any CPU
		{F90CDA76-8C19-C271-34A2-F92A8A31BA28}.Release|Any CPU.ActiveCfg = Release|Any CPU
		{F90CDA76-8C19-C271-34A2-F92A8A31BA28}.Release|Any CPU.Build.0 = Release|Any CPU
		{F90CDA76-8C19-C271-34A2-F92A8A31BA28}.Release|Any CPU.Deploy.0 = Release|Any CPU
	EndGlobalSection
	GlobalSection(SolutionProperties) = preSolution
		HideSolutionNode = FALSE
	EndGlobalSection
	GlobalSection(ExtensibilityGlobals) = postSolution
		SolutionGuid = {1BCF71EC-9E6A-404A-8B48-EBDBB0C41B3E}
	EndGlobalSection
EndGlobal
